<?xml version="1.0" encoding="utf-8"?>
<Project ToolsVersion="4.0" xmlns="http://schemas.microsoft.com/developer/msbuild/2003">
  <ItemGroup>
    <Filter Include="Source Files">
      <UniqueIdentifier>{4FC737F1-C7A5-4376-A066-2A32D752A2FF}</UniqueIdentifier>
      <Extensions>cpp;c;cc;cxx;c++;cppm;ixx;def;odl;idl;hpj;bat;asm;asmx</Extensions>
    </Filter>
    <Filter Include="Header Files">
      <UniqueIdentifier>{93995380-89BD-4b04-88EB-625FBE52EBFB}</UniqueIdentifier>
      <Extensions>h;hh;hpp;hxx;h++;hm;inl;inc;ipp;xsd</Extensions>
    </Filter>
    <Filter Include="Resource Files">
      <UniqueIdentifier>{67DA6AB6-F800-4c08-8B7A-83BB121AAD01}</UniqueIdentifier>
      <Extensions>rc;ico;cur;bmp;dlg;rc2;rct;bin;rgs;gif;jpg;jpeg;jpe;resx;tiff;tif;png;wav;mfcribbon-ms</Extensions>
    </Filter>
  </ItemGroup>
  <ItemGroup>
    <ClCompile Include="main.cpp">
      <Filter>Source Files</Filter>
    </ClCompile>
    <ClCompile Include="neverlose.cpp">
      <Filter>Source Files</Filter>
    </ClCompile>
    <ClCompile Include="VEH.cpp">
      <Filter>Source Files</Filter>
    </ClCompile>
    <ClCompile Include="fix_dump.cpp">
      <Filter>Source Files</Filter>
    </ClCompile>
    <ClCompile Include="setup_hooks.cpp">
      <Filter>Source Files</Filter>
    </ClCompile>
    <ClCompile Include="HookFn.cpp">
      <Filter>Source Files</Filter>
    </ClCompile>
    <ClCompile Include="entry.cpp">
      <Filter>Source Files</Filter>
    </ClCompile>
    <ClCompile Include="spoof_peb.cpp">
      <Filter>Source Files</Filter>
    </ClCompile>
    <ClCompile Include="spoof_kusd.cpp">
      <Filter>Source Files</Filter>
    </ClCompile>
    <ClCompile Include="spoof_cpuid.cpp">
      <Filter>Source Files</Filter>
    </ClCompile>
    <ClCompile Include="fix_interfaces.cpp">
      <Filter>Source Files</Filter>
    </ClCompile>
    <ClCompile Include="fix_cvars.cpp">
      <Filter>Source Files</Filter>
    </ClCompile>
    <ClCompile Include="fix_signatures.cpp">
      <Filter>Source Files</Filter>
    </ClCompile>
    <ClCompile Include="FindPattern.cpp">
      <Filter>Source Files</Filter>
    </ClCompile>
    <ClCompile Include="mem_dispatcher.cpp">
      <Filter>Source Files</Filter>
    </ClCompile>
    <ClCompile Include="spoof.cpp">
      <Filter>Source Files</Filter>
    </ClCompile>
    <ClCompile Include="sha256.cpp">
      <Filter>Source Files</Filter>
    </ClCompile>
    <ClCompile Include="fix_imports.cpp">
      <Filter>Source Files</Filter>
    </ClCompile>
    <ClCompile Include="Requestor.cpp">
      <Filter>Source Files</Filter>
    </ClCompile>
    <ClCompile Include="crypto_capture.cpp">
      <Filter>Source Files</Filter>
    </ClCompile>
  </ItemGroup>
  <ItemGroup>
    <ClInclude Include="neverlose.h">
      <Filter>Header Files</Filter>
    </ClInclude>
    <ClInclude Include="resource.h">
      <Filter>Header Files</Filter>
    </ClInclude>
    <ClInclude Include="logger.h">
      <Filter>Header Files</Filter>
    </ClInclude>
    <ClInclude Include="errors.txt">
      <Filter>Header Files</Filter>
    </ClInclude>
    <ClInclude Include="ArenaAllocator.h">
      <Filter>Header Files</Filter>
    </ClInclude>
    <ClInclude Include="KUSER_SHARED_DATA_SPOOF.h">
      <Filter>Header Files</Filter>
    </ClInclude>
    <ClInclude Include="REGS.h">
      <Filter>Header Files</Filter>
    </ClInclude>
    <ClInclude Include="HookFn.h">
      <Filter>Header Files</Filter>
    </ClInclude>
    <ClInclude Include="cpuid_emulator.h">
      <Filter>Header Files</Filter>
    </ClInclude>
    <ClInclude Include="PEB_SPOOF.h">
      <Filter>Header Files</Filter>
    </ClInclude>
    <ClInclude Include="nops.h">
      <Filter>Header Files</Filter>
    </ClInclude>
    <ClInclude Include="csgo_mini.h">
      <Filter>Header Files</Filter>
    </ClInclude>
    <ClInclude Include="FindPattern.h">
      <Filter>Header Files</Filter>
    </ClInclude>
    <ClInclude Include="cpuid_emu_0.h">
      <Filter>Header Files</Filter>
    </ClInclude>
    <ClInclude Include="json.hpp">
      <Filter>Header Files</Filter>
    </ClInclude>
    <ClInclude Include="internal_fixes.h">
      <Filter>Header Files</Filter>
    </ClInclude>
    <ClInclude Include="diskpas.h">
      <Filter>Header Files</Filter>
    </ClInclude>
    <ClInclude Include="neverlosesdk.hpp">
      <Filter>Header Files</Filter>
    </ClInclude>
    <ClInclude Include="token.h">
      <Filter>Header Files</Filter>
    </ClInclude>
  </ItemGroup>
  <ItemGroup>
    <ResourceCompile Include="neverlose.rc">
      <Filter>Resource Files</Filter>
    </ResourceCompile>
  </ItemGroup>
  <ItemGroup>
    <None Include="bins\nl.bin">
      <Filter>Resource Files</Filter>
    </None>
    <None Include="bins\nl_kaktus.bin">
      <Filter>Resource Files</Filter>
    </None>
  </ItemGroup>
  <ItemGroup>
    <Text Include="ROADMAP.txt">
      <Filter>Header Files</Filter>
    </Text>
  </ItemGroup>
</Project>